{
  "version": 4,
  "terraform_version": "1.16.0",
  "serial": 17,
  "lineage": "f56527fe-43a3-30d4-4246-1c38c614a711",
  "outputs": {},
  "resources": [
    {
      "mode": "managed",
      "type": "github_team",
      "name": "team_developers",
      "provider": "provider[\"registry.terraform.io/integrations/github\"]",
      "instances": [
        {
          "schema_version": 0,
          "attributes": {
            "create_default_maintainer": false,
            "description": "Team for developing apps",
            "etag": "W/\"6c20a66b043dffb6c7ab5cb3096dbf81f372db6ace3475ebfdc5f46e331fd5d7\"",
            "id": "19228997",
            "ldap_dn": null,
            "members_count": 0,
            "name": "team-developers",
            "node_id": "T_kwDOEzWT5M4BJWlF",
            "notification_setting": "notifications_enabled",
            "parent_team_id": "",
            "parent_team_read_id": "",
            "parent_team_read_slug": "",
            "privacy": "closed",
            "slug": "team-developers"
          },
          "sensitive_attributes": [],
          "identity_schema_version": 0,
          "private": "bnVsbA=="
        }
      ]
    },
    {
      "mode": "managed",
      "type": "github_team",
      "name": "team_devops",
      "provider": "provider[\"registry.terraform.io/integrations/github\"]",
      "instances": [
        {
          "schema_version": 0,
          "attributes": {
            "create_default_maintainer": false,
            "description": "Team for maintaning system",
            "etag": "W/\"7334e27063d3b360905a5bfc3c177925b34b544ceec18421d68b143bdf243f23\"",
            "id": "19228998",
            "ldap_dn": null,
            "members_count": 0,
            "name": "team-devops",
            "node_id": "T_kwDOEzWT5M4BJWlG",
            "notification_setting": "notifications_enabled",
            "parent_team_id": "",
            "parent_team_read_id": "",
            "parent_team_read_slug": "",
            "privacy": "closed",
            "slug": "team-devops"
          },
          "sensitive_attributes": [],
          "identity_schema_version": 0,
          "private": "bnVsbA=="
        }
      ]
    },
    {
      "mode": "managed",
      "type": "github_team_repository",
      "name": "team_developers_repo",
      "provider": "provider[\"registry.terraform.io/integrations/github\"]",
      "instances": [
        {
          "schema_version": 0,
          "attributes": {
            "etag": "W/\"4257ca35958fb507bcf0e8816db45fa199c6842218943af4d7129cb2bedbea19\"",
            "id": "19228997:noob-devops-project",
            "permission": "push",
            "repository": "noob-devops-project",
            "team_id": "19228997"
          },
          "sensitive_attributes": [],
          "identity_schema_version": 0,
          "private": "bnVsbA==",
          "dependencies": [
            "github_team.team_developers"
          ]
        }
      ]
    },
    {
      "mode": "managed",
      "type": "github_team_repository",
      "name": "team_devops_repo",
      "provider": "provider[\"registry.terraform.io/integrations/github\"]",
      "instances": [
        {
          "schema_version": 0,
          "attributes": {
            "etag": "W/\"4257ca35958fb507bcf0e8816db45fa199c6842218943af4d7129cb2bedbea19\"",
            "id": "19228998:noob-devops-project",
            "permission": "push",
            "repository": "noob-devops-project",
            "team_id": "19228998"
          },
          "sensitive_attributes": [],
          "identity_schema_version": 0,
          "private": "bnVsbA==",
          "dependencies": [
            "github_team.team_devops"
          ]
        }
      ]
    }
  ],
  "check_results": null
}
