{
  "version": 4,
  "terraform_version": "1.16.0",
  "serial": 20,
  "lineage": "f56527fe-43a3-30d4-4246-1c38c614a711",
  "outputs": {},
  "resources": [
    {
      "mode": "managed",
      "type": "github_team",
      "name": "team_developers",
      "provider": "provider[\"registry.terraform.io/integrations/github\"]",
      "instances": [
        {
          "schema_version": 0,
          "attributes": {
            "create_default_maintainer": false,
            "description": "Team for developing apps",
            "etag": "W/\"4e249e2712333cffefd703810eb2651abd2c57e221fba2ecd92d4ae81561757c\"",
            "id": "19228997",
            "ldap_dn": null,
            "members_count": 0,
            "name": "team-developers",
            "node_id": "T_kwDOEzWT5M4BJWlF",
            "notification_setting": "notifications_enabled",
            "parent_team_id": "",
            "parent_team_read_id": "",
            "parent_team_read_slug": "",
            "privacy": "closed",
            "slug": "team-developers"
          },
          "sensitive_attributes": [],
          "identity_schema_version": 0,
          "private": "bnVsbA=="
        }
      ]
    },
    {
      "mode": "managed",
      "type": "github_team",
      "name": "team_devops",
      "provider": "provider[\"registry.terraform.io/integrations/github\"]",
      "instances": [
        {
          "schema_version": 0,
          "attributes": {
            "create_default_maintainer": false,
            "description": "Team for maintaning system",
            "etag": "W/\"f059ce00aab0056f28e501005013cdb95bbbd49818d8175a4c6e21ad88cf3b26\"",
            "id": "19228998",
            "ldap_dn": null,
            "members_count": 0,
            "name": "team-devops",
            "node_id": "T_kwDOEzWT5M4BJWlG",
            "notification_setting": "notifications_enabled",
            "parent_team_id": "",
            "parent_team_read_id": "",
            "parent_team_read_slug": "",
            "privacy": "closed",
            "slug": "team-devops"
          },
          "sensitive_attributes": [],
          "identity_schema_version": 0,
          "private": "bnVsbA=="
        }
      ]
    },
    {
      "mode": "managed",
      "type": "github_team_membership",
      "name": "developer_1",
      "provider": "provider[\"registry.terraform.io/integrations/github\"]",
      "instances": [
        {
          "schema_version": 0,
          "attributes": {
            "etag": "W/\"99894fac4a1daaeabc74341372cc15e1cf4fc7676c93a414ab84f965f2de05de\"",
            "id": "19228997:maliBrzi",
            "role": "member",
            "team_id": "19228997",
            "username": "maliBrzi"
          },
          "sensitive_attributes": [],
          "identity_schema_version": 0,
          "private": "bnVsbA==",
          "dependencies": [
            "github_team.team_developers"
          ]
        }
      ]
    },
    {
      "mode": "managed",
      "type": "github_team_membership",
      "name": "devops_1",
      "provider": "provider[\"registry.terraform.io/integrations/github\"]",
      "instances": [
        {
          "schema_version": 0,
          "attributes": {
            "etag": "W/\"f4a836dd0d147924d23a63230f0b2bdffc4d40012cd0db7f91296fce1360fed4\"",
            "id": "19228998:plaviDecak",
            "role": "member",
            "team_id": "19228998",
            "username": "plaviDecak"
          },
          "sensitive_attributes": [],
          "identity_schema_version": 0,
          "private": "bnVsbA==",
          "dependencies": [
            "github_team.team_devops"
          ]
        }
      ]
    },
    {
      "mode": "managed",
      "type": "github_team_repository",
      "name": "team_developers_repo",
      "provider": "provider[\"registry.terraform.io/integrations/github\"]",
      "instances": [
        {
          "schema_version": 0,
          "attributes": {
            "etag": "W/\"3321fb4dd9e0ad8ba021e8995df18601bd1a7caa873cc2c13610e94c31d71c0e\"",
            "id": "19228997:noob-devops-project",
            "permission": "push",
            "repository": "noob-devops-project",
            "team_id": "19228997"
          },
          "sensitive_attributes": [],
          "identity_schema_version": 0,
          "private": "bnVsbA==",
          "dependencies": [
            "github_team.team_developers"
          ]
        }
      ]
    },
    {
      "mode": "managed",
      "type": "github_team_repository",
      "name": "team_devops_repo",
      "provider": "provider[\"registry.terraform.io/integrations/github\"]",
      "instances": [
        {
          "schema_version": 0,
          "attributes": {
            "etag": "W/\"3321fb4dd9e0ad8ba021e8995df18601bd1a7caa873cc2c13610e94c31d71c0e\"",
            "id": "19228998:noob-devops-project",
            "permission": "push",
            "repository": "noob-devops-project",
            "team_id": "19228998"
          },
          "sensitive_attributes": [],
          "identity_schema_version": 0,
          "private": "bnVsbA==",
          "dependencies": [
            "github_team.team_devops"
          ]
        }
      ]
    }
  ],
  "check_results": null
}
