{
  "version": 4,
  "terraform_version": "1.16.0",
  "serial": 14,
  "lineage": "f56527fe-43a3-30d4-4246-1c38c614a711",
  "outputs": {},
  "resources": [
    {
      "mode": "managed",
      "type": "github_team",
      "name": "team_developers",
      "provider": "provider[\"registry.terraform.io/integrations/github\"]",
      "instances": [
        {
          "schema_version": 0,
          "attributes": {
            "create_default_maintainer": false,
            "description": "Team for developing apps",
            "etag": "W/\"8123dfd336a2d49d65eaf814d730f74bee80eb603848b9eb3c8da31458478e14\"",
            "id": "19228997",
            "ldap_dn": null,
            "members_count": 0,
            "name": "team-developers",
            "node_id": "T_kwDOEzWT5M4BJWlF",
            "notification_setting": "notifications_enabled",
            "parent_team_id": "",
            "parent_team_read_id": "",
            "parent_team_read_slug": "",
            "privacy": "closed",
            "slug": "team-developers"
          },
          "sensitive_attributes": [],
          "identity_schema_version": 0,
          "private": "bnVsbA=="
        }
      ]
    },
    {
      "mode": "managed",
      "type": "github_team",
      "name": "team_devops",
      "provider": "provider[\"registry.terraform.io/integrations/github\"]",
      "instances": [
        {
          "schema_version": 0,
          "attributes": {
            "create_default_maintainer": false,
            "description": "Team for maintaning system",
            "etag": "W/\"119378fd03eee07978c642eb6890c447bdf815ebf26263651e9788b0c31fe35e\"",
            "id": "19228998",
            "ldap_dn": null,
            "members_count": 0,
            "name": "team-devops",
            "node_id": "T_kwDOEzWT5M4BJWlG",
            "notification_setting": "notifications_enabled",
            "parent_team_id": "",
            "parent_team_read_id": "",
            "parent_team_read_slug": "",
            "privacy": "closed",
            "slug": "team-devops"
          },
          "sensitive_attributes": [],
          "identity_schema_version": 0,
          "private": "bnVsbA=="
        }
      ]
    }
  ],
  "check_results": null
}
